
Microsoft Visual Studio Solution File, Format Version 12.00
# Visual Studio Version 17
VisualStudioVersion = 17.5.33627.172
MinimumVisualStudioVersion = 10.0.40219.1
Project("{9A19103F-16F7-4668-BE54-9A1E7A4F7556}") = "WebApiPlusAngular.WebApi", "WebApi\WebApiPlusAngular.WebApi.csproj", "{2D8194DC-47BD-4EA5-99E4-53CA82B54058}"
EndProject
Project("{54A90642-561A-4BB1-A94E-469ADEE60C69}") = "WebApiPlusAngular.UI", "UI\WebApiPlusAngular.UI.esproj", "{30C63D9B-1ADD-48B1-8557-5C74168396A8}"
EndProject
Global
	GlobalSection(SolutionConfigurationPlatforms) = preSolution
		Debug|Any CPU = Debug|Any CPU
		Release|Any CPU = Release|Any CPU
	EndGlobalSection
	GlobalSection(ProjectConfigurationPlatforms) = postSolution
		{2D8194DC-47BD-4EA5-99E4-53CA82B54058}.Debug|Any CPU.ActiveCfg = Debug|Any CPU
		{2D8194DC-47BD-4EA5-99E4-53CA82B54058}.Debug|Any CPU.Build.0 = Debug|Any CPU
		{2D8194DC-47BD-4EA5-99E4-53CA82B54058}.Release|Any CPU.ActiveCfg = Release|Any CPU
		{2D8194DC-47BD-4EA5-99E4-53CA82B54058}.Release|Any CPU.Build.0 = Release|Any CPU
		{30C63D9B-1ADD-48B1-8557-5C74168396A8}.Debug|Any CPU.ActiveCfg = Debug|Any CPU
		{30C63D9B-1ADD-48B1-8557-5C74168396A8}.Debug|Any CPU.Build.0 = Debug|Any CPU
		{30C63D9B-1ADD-48B1-8557-5C74168396A8}.Debug|Any CPU.Deploy.0 = Debug|Any CPU
		{30C63D9B-1ADD-48B1-8557-5C74168396A8}.Release|Any CPU.ActiveCfg = Release|Any CPU
		{30C63D9B-1ADD-48B1-8557-5C74168396A8}.Release|Any CPU.Build.0 = Release|Any CPU
		{30C63D9B-1ADD-48B1-8557-5C74168396A8}.Release|Any CPU.Deploy.0 = Release|Any CPU
	EndGlobalSection
	GlobalSection(SolutionProperties) = preSolution
		HideSolutionNode = FALSE
	EndGlobalSection
	GlobalSection(ExtensibilityGlobals) = postSolution
		SolutionGuid = {AB3FDC34-940F-48DF-A598-A09A6FD383CD}
	EndGlobalSection
EndGlobal
