
Microsoft Visual Studio Solution File, Format Version 12.00
# Visual Studio Version 17
VisualStudioVersion = 17.8.34525.116
MinimumVisualStudioVersion = 10.0.40219.1
Project("{FAE04EC0-301F-11D3-BF4B-00C04F79EFBC}") = "MyConsoleApp", "MyConsoleApp\MyConsoleApp.csproj", "{C9D13CC7-27AF-4D93-96FC-FA5F89AD52FF}"
EndProject
Global
	GlobalSection(SolutionConfigurationPlatforms) = preSolution
		Debug|Any CPU = Debug|Any CPU
		Release|Any CPU = Release|Any CPU
	EndGlobalSection
	GlobalSection(ProjectConfigurationPlatforms) = postSolution
		{C9D13CC7-27AF-4D93-96FC-FA5F89AD52FF}.Debug|Any CPU.ActiveCfg = Debug|Any CPU
		{C9D13CC7-27AF-4D93-96FC-FA5F89AD52FF}.Debug|Any CPU.Build.0 = Debug|Any CPU
		{C9D13CC7-27AF-4D93-96FC-FA5F89AD52FF}.Release|Any CPU.ActiveCfg = Release|Any CPU
		{C9D13CC7-27AF-4D93-96FC-FA5F89AD52FF}.Release|Any CPU.Build.0 = Release|Any CPU
	EndGlobalSection
	GlobalSection(SolutionProperties) = preSolution
		HideSolutionNode = FALSE
	EndGlobalSection
	GlobalSection(ExtensibilityGlobals) = postSolution
		SolutionGuid = {7C613395-536F-4FC4-9042-230A156090E2}
	EndGlobalSection
EndGlobal
