
Microsoft Visual Studio Solution File, Format Version 12.00
# Visual Studio Version 17
VisualStudioVersion = 17.0.32126.317
MinimumVisualStudioVersion = 10.0.40219.1
Project("{9A19103F-16F7-4668-BE54-9A1E7A4F7556}") = "SimpleBenchmark", "SimpleBenchmarks\SimpleBenchmark.csproj", "{3A3E0981-131B-4534-A032-13DD7A3BE7FA}"
EndProject
Project("{FAE04EC0-301F-11D3-BF4B-00C04F79EFBC}") = "LoggersBenchmark", "LoggersBenchmark\LoggersBenchmark.csproj", "{91175228-9784-41FC-BDF6-BFA7F2A5E2A5}"
EndProject
Global
	GlobalSection(SolutionConfigurationPlatforms) = preSolution
		Debug|Any CPU = Debug|Any CPU
		Release|Any CPU = Release|Any CPU
	EndGlobalSection
	GlobalSection(ProjectConfigurationPlatforms) = postSolution
		{3A3E0981-131B-4534-A032-13DD7A3BE7FA}.Debug|Any CPU.ActiveCfg = Debug|Any CPU
		{3A3E0981-131B-4534-A032-13DD7A3BE7FA}.Debug|Any CPU.Build.0 = Debug|Any CPU
		{3A3E0981-131B-4534-A032-13DD7A3BE7FA}.Release|Any CPU.ActiveCfg = Release|Any CPU
		{3A3E0981-131B-4534-A032-13DD7A3BE7FA}.Release|Any CPU.Build.0 = Release|Any CPU
		{91175228-9784-41FC-BDF6-BFA7F2A5E2A5}.Debug|Any CPU.ActiveCfg = Debug|Any CPU
		{91175228-9784-41FC-BDF6-BFA7F2A5E2A5}.Debug|Any CPU.Build.0 = Debug|Any CPU
		{91175228-9784-41FC-BDF6-BFA7F2A5E2A5}.Release|Any CPU.ActiveCfg = Release|Any CPU
		{91175228-9784-41FC-BDF6-BFA7F2A5E2A5}.Release|Any CPU.Build.0 = Release|Any CPU
	EndGlobalSection
	GlobalSection(SolutionProperties) = preSolution
		HideSolutionNode = FALSE
	EndGlobalSection
	GlobalSection(ExtensibilityGlobals) = postSolution
		SolutionGuid = {CCF47379-5032-4114-A863-D6575E9F211B}
	EndGlobalSection
EndGlobal
